
Microsoft Visual Studio Solution File, Format Version 12.00
# Visual Studio 15
VisualStudioVersion = 15.0.27428.2037
MinimumVisualStudioVersion = 10.0.40219.1
Project("{9A19103F-16F7-4668-BE54-9A1E7A4F7556}") = "Solidity.Roslyn.Test", "Solidity.Roslyn.Test\Solidity.Roslyn.Test.csproj", "{D33C0355-C15E-4473-A970-0019DE16A155}"
EndProject
Project("{9A19103F-16F7-4668-BE54-9A1E7A4F7556}") = "Solidity.Roslyn", "Solidity.Roslyn\Solidity.Roslyn.csproj", "{3EDD15A5-FDCE-4DBA-B575-40E537764AA1}"
EndProject
Project("{FAE04EC0-301F-11D3-BF4B-00C04F79EFBC}") = "Solidity.Roslyn.Example", "Solidity.Roslyn.Example\Solidity.Roslyn.Example.csproj", "{78A34A43-489D-4F17-BD3A-4E6CB89E6134}"
EndProject
Global
	GlobalSection(SolutionConfigurationPlatforms) = preSolution
		Debug|Any CPU = Debug|Any CPU
		Release|Any CPU = Release|Any CPU
	EndGlobalSection
	GlobalSection(ProjectConfigurationPlatforms) = postSolution
		{D33C0355-C15E-4473-A970-0019DE16A155}.Debug|Any CPU.ActiveCfg = Debug|Any CPU
		{D33C0355-C15E-4473-A970-0019DE16A155}.Debug|Any CPU.Build.0 = Debug|Any CPU
		{D33C0355-C15E-4473-A970-0019DE16A155}.Release|Any CPU.ActiveCfg = Release|Any CPU
		{D33C0355-C15E-4473-A970-0019DE16A155}.Release|Any CPU.Build.0 = Release|Any CPU
		{3EDD15A5-FDCE-4DBA-B575-40E537764AA1}.Debug|Any CPU.ActiveCfg = Debug|Any CPU
		{3EDD15A5-FDCE-4DBA-B575-40E537764AA1}.Debug|Any CPU.Build.0 = Debug|Any CPU
		{3EDD15A5-FDCE-4DBA-B575-40E537764AA1}.Release|Any CPU.ActiveCfg = Release|Any CPU
		{3EDD15A5-FDCE-4DBA-B575-40E537764AA1}.Release|Any CPU.Build.0 = Release|Any CPU
		{78A34A43-489D-4F17-BD3A-4E6CB89E6134}.Debug|Any CPU.ActiveCfg = Debug|Any CPU
		{78A34A43-489D-4F17-BD3A-4E6CB89E6134}.Debug|Any CPU.Build.0 = Debug|Any CPU
		{78A34A43-489D-4F17-BD3A-4E6CB89E6134}.Release|Any CPU.ActiveCfg = Release|Any CPU
		{78A34A43-489D-4F17-BD3A-4E6CB89E6134}.Release|Any CPU.Build.0 = Release|Any CPU
	EndGlobalSection
	GlobalSection(SolutionProperties) = preSolution
		HideSolutionNode = FALSE
	EndGlobalSection
	GlobalSection(ExtensibilityGlobals) = postSolution
		SolutionGuid = {53A4DFA6-2A27-4B08-B96E-CF5AA660A19E}
	EndGlobalSection
EndGlobal
